{
  "name": "ccs-digitalmarketplace-frontend-jinja",
  "version": "0.0.0",
  "lockfileVersion": 3,
  "requires": true,
  "packages": {
    "": {
      "name": "ccs-digitalmarketplace-frontend-jinja",
      "version": "0.0.0",
      "license": "MIT",
      "devDependencies": {
        "ccs-digitalmarketplace-govuk-frontend": "^5.2.0"
      }
    },
    "node_modules/accessible-autocomplete": {
      "version": "2.0.4",
      "resolved": "https://registry.npmjs.org/accessible-autocomplete/-/accessible-autocomplete-2.0.4.tgz",
      "integrity": "sha512-2p0txrSpvs5wXFUeQJHMheDPTZVSEmiUHWlEPb7vJnv2Dd1xPfoLnBQQMfNbTSit2pL/9sSQYESuD2Yyohd4Yw==",
      "dev": true,
      "peer": true,
      "dependencies": {
        "preact": "^8.3.1"
      }
    },
    "node_modules/ccs-digitalmarketplace-govuk-frontend": {
      "version": "5.2.0",
      "resolved": "https://registry.npmjs.org/ccs-digitalmarketplace-govuk-frontend/-/ccs-digitalmarketplace-govuk-frontend-5.2.0.tgz",
      "integrity": "sha512-g+f03exeMtfr80/SX07Jonkm8++CZ5PpK5yabNqsvUVXYxRN9xdiLiolDLUYEwKZL0Xk6Sj4r72wXnCsiTp5Xw==",
      "dev": true,
      "engines": {
        "node": ">= 20.9.0"
      },
      "peerDependencies": {
        "govuk-country-and-territory-autocomplete": "^1.0.2",
        "govuk-frontend": "^4.8.0",
        "jquery": "^3.x"
      }
    },
    "node_modules/core-js": {
      "version": "3.2.1",
      "resolved": "https://registry.npmjs.org/core-js/-/core-js-3.2.1.tgz",
      "integrity": "sha512-Qa5XSVefSVPRxy2XfUC13WbvqkxhkwB3ve+pgCQveNgYzbM/UxZeu1dcOX/xr4UmfUd+muuvsaxilQzCyUurMw==",
      "deprecated": "core-js@<3.23.3 is no longer maintained and not recommended for usage due to the number of issues. Because of the V8 engine whims, feature detection in old core-js versions could cause a slowdown up to 100x even if nothing is polyfilled. Some versions have web compatibility issues. Please, upgrade your dependencies to the actual version of core-js.",
      "dev": true,
      "hasInstallScript": true,
      "peer": true
    },
    "node_modules/corejs-typeahead": {
      "version": "1.3.4",
      "resolved": "https://registry.npmjs.org/corejs-typeahead/-/corejs-typeahead-1.3.4.tgz",
      "integrity": "sha512-4SAc1UWszc05IyG9te1JHSeLas5WUWKmKAB8m9E6AAmHCpYhdSaySkblVSIUwQG2FR5uAsaeHbKM+pkEP7SiNw==",
      "dev": true,
      "peer": true,
      "dependencies": {
        "jquery": ">=1.11"
      }
    },
    "node_modules/govuk-country-and-territory-autocomplete": {
      "version": "1.0.2",
      "resolved": "https://registry.npmjs.org/govuk-country-and-territory-autocomplete/-/govuk-country-and-territory-autocomplete-1.0.2.tgz",
      "integrity": "sha512-jQ0EQ51hRx8aVEEA6ARiFWiJ64HBU4jWX2CG+xqmfxP79LVkL20oiUo/uA6xpuELFkfWZA5Lpu/ADTK/9N/LyQ==",
      "dev": true,
      "peer": true,
      "dependencies": {
        "accessible-autocomplete": "^2.0.4",
        "core-js": "3.2.1",
        "openregister-picker-engine": "^1.2.1"
      }
    },
    "node_modules/govuk-frontend": {
      "version": "4.8.0",
      "resolved": "https://registry.npmjs.org/govuk-frontend/-/govuk-frontend-4.8.0.tgz",
      "integrity": "sha512-NOmPJxL8IYq1HSNHYKx9XY2LLTxuwb+IFASiGQO4sgJ8K7AG66SlSeqARrcetevV8zOf+i1z+MbJJ2O7//OxAw==",
      "dev": true,
      "peer": true,
      "engines": {
        "node": ">= 4.2.0"
      }
    },
    "node_modules/jquery": {
      "version": "3.7.1",
      "resolved": "https://registry.npmjs.org/jquery/-/jquery-3.7.1.tgz",
      "integrity": "sha512-m4avr8yL8kmFN8psrbFFFmB/If14iN5o9nw/NgnnM+kybDJpRsAynV2BsfpTYrTRysYUdADVD7CkUUizgkpLfg==",
      "dev": true,
      "peer": true
    },
    "node_modules/openregister-picker-engine": {
      "version": "1.2.1",
      "resolved": "https://registry.npmjs.org/openregister-picker-engine/-/openregister-picker-engine-1.2.1.tgz",
      "integrity": "sha512-8sbJY+iX6rW28seEri8tVTpAS2VBLNckbFDbVqNXy/kRn48Uii2IvaH6uJXKFJxXOOKB6RVcmnigIm1qA07v/Q==",
      "dev": true,
      "peer": true,
      "dependencies": {
        "corejs-typeahead": "^1.1.1",
        "whatwg-fetch": "^2.0.3"
      }
    },
    "node_modules/preact": {
      "version": "8.5.3",
      "resolved": "https://registry.npmjs.org/preact/-/preact-8.5.3.tgz",
      "integrity": "sha512-O3kKP+1YdgqHOFsZF2a9JVdtqD+RPzCQc3rP+Ualf7V6rmRDchZ9MJbiGTT7LuyqFKZqlHSOyO/oMFmI2lVTsw==",
      "dev": true,
      "hasInstallScript": true,
      "peer": true
    },
    "node_modules/whatwg-fetch": {
      "version": "2.0.4",
      "resolved": "https://registry.npmjs.org/whatwg-fetch/-/whatwg-fetch-2.0.4.tgz",
      "integrity": "sha512-dcQ1GWpOD/eEQ97k66aiEVpNnapVj90/+R+SXTPYGHpYBBypfKJEQjLrvMZ7YXbKm21gXd4NcuxUTjiv1YtLng==",
      "dev": true,
      "peer": true
    }
  }
}
