{
  "name": "ccs-digitalmarketplace-frontend-jinja",
  "version": "0.0.0",
  "lockfileVersion": 3,
  "requires": true,
  "packages": {
    "": {
      "name": "ccs-digitalmarketplace-frontend-jinja",
      "version": "0.0.0",
      "license": "MIT",
      "devDependencies": {
        "ccs-digitalmarketplace-govuk-frontend": "^6.0.0"
      }
    },
    "node_modules/ccs-digitalmarketplace-govuk-frontend": {
      "version": "6.0.0",
      "resolved": "https://registry.npmjs.org/ccs-digitalmarketplace-govuk-frontend/-/ccs-digitalmarketplace-govuk-frontend-6.0.0.tgz",
      "integrity": "sha512-Yps7qtPdclp8nf5eMIerHkT/PHxX0xBSSjd95tM+TDMLFX1A8rwZh4kdgb77sIirGDBFOkBJNUOANwJ4Fs9HRg==",
      "dev": true,
      "engines": {
        "node": ">= 20.9.0"
      },
      "peerDependencies": {
        "govuk-frontend": "^5.1.0",
        "jquery": "^3.x"
      }
    },
    "node_modules/govuk-frontend": {
      "version": "5.1.0",
      "resolved": "https://registry.npmjs.org/govuk-frontend/-/govuk-frontend-5.1.0.tgz",
      "integrity": "sha512-Dc3J+uOI4i2VR3BVyfxbf6qVjTT4n4bBqbD0/Io6feP8pt/4IfKdP1vWimZf+BwMKKMXacw10hmdy5UcD6Cr8w==",
      "dev": true,
      "peer": true,
      "engines": {
        "node": ">= 4.2.0"
      }
    },
    "node_modules/jquery": {
      "version": "3.7.1",
      "resolved": "https://registry.npmjs.org/jquery/-/jquery-3.7.1.tgz",
      "integrity": "sha512-m4avr8yL8kmFN8psrbFFFmB/If14iN5o9nw/NgnnM+kybDJpRsAynV2BsfpTYrTRysYUdADVD7CkUUizgkpLfg==",
      "dev": true,
      "peer": true
    }
  }
}
