{
  "name": "ccs-digitalmarketplace-frontend-jinja",
  "version": "0.0.0",
  "lockfileVersion": 3,
  "requires": true,
  "packages": {
    "": {
      "name": "ccs-digitalmarketplace-frontend-jinja",
      "version": "0.0.0",
      "license": "MIT",
      "devDependencies": {
        "ccs-digitalmarketplace-govuk-frontend": "^6.4.0"
      }
    },
    "node_modules/accessible-autocomplete": {
      "version": "3.0.0",
      "resolved": "https://registry.npmjs.org/accessible-autocomplete/-/accessible-autocomplete-3.0.0.tgz",
      "integrity": "sha512-Kpm6EX+jjD0AurWfzSP4EVLEKsLUWCazZwidjum+8FCRtSINeaPzVa3ElKVGWvSqVZN9zjeSBF8cirhYEZjW1A==",
      "dev": true,
      "peer": true,
      "peerDependencies": {
        "preact": "^8.0.0"
      },
      "peerDependenciesMeta": {
        "preact": {
          "optional": true
        }
      }
    },
    "node_modules/ccs-digitalmarketplace-govuk-frontend": {
      "version": "6.4.0",
      "resolved": "https://registry.npmjs.org/ccs-digitalmarketplace-govuk-frontend/-/ccs-digitalmarketplace-govuk-frontend-6.4.0.tgz",
      "integrity": "sha512-451VJ1FkAt9GO8prwGVIDFJaYMHJcJcM1/2s/AJ5LyORDJjF0ioWcKx7BIs5YG7M7PVefJEkys0i0MrrA0vARw==",
      "dev": true,
      "engines": {
        "node": ">= 20.9.0"
      },
      "peerDependencies": {
        "accessible-autocomplete": "^3.0.0",
        "govuk-frontend": "^5.4.0",
        "jquery": "^3.x"
      }
    },
    "node_modules/govuk-frontend": {
      "version": "5.4.0",
      "resolved": "https://registry.npmjs.org/govuk-frontend/-/govuk-frontend-5.4.0.tgz",
      "integrity": "sha512-F3YwQYrYQqIPfNxsoph6O78Ey1unCB6cy6omx8KeWY9G504lWZFBSIaiUCma1jNLw9bOUU7Ui+tXG09jjqy0Mw==",
      "dev": true,
      "peer": true,
      "engines": {
        "node": ">= 4.2.0"
      }
    },
    "node_modules/jquery": {
      "version": "3.7.1",
      "resolved": "https://registry.npmjs.org/jquery/-/jquery-3.7.1.tgz",
      "integrity": "sha512-m4avr8yL8kmFN8psrbFFFmB/If14iN5o9nw/NgnnM+kybDJpRsAynV2BsfpTYrTRysYUdADVD7CkUUizgkpLfg==",
      "dev": true,
      "peer": true
    }
  }
}
